Microsoft Visual Studio Solution File, Format Version 12.00
# Visual Studio Version 17
VisualStudioVersion = 17.0.31903.59
MinimumVisualStudioVersion = 10.0.40219.1
Project("{2150E333-8FDC-42A3-9474-1A3956D46DE8}") = "src", "src", "{A624B0B4-C0A4-48F4-A32C-D4924AE4187D}"
EndProject
Project("{2150E333-8FDC-42A3-9474-1A3956D46DE8}") = "tests", "tests", "{B1F3A2C4-D5E6-4F78-9A0B-1C2D3E4F5A6B}"
EndProject
Project("{FAE04EC0-301F-11D3-BF4B-00C04F79EFBC}") = "FlowForge.Domain.Tests", "tests\FlowForge.Domain.Tests\FlowForge.Domain.Tests.csproj", "{A1B2C3D4-E5F6-4A5B-8C9D-0E1F2A3B4C5D}"
EndProject
Project("{FAE04EC0-301F-11D3-BF4B-00C04F79EFBC}") = "FlowForge.Integration.Tests", "tests\FlowForge.Integration.Tests\FlowForge.Integration.Tests.csproj", "{D4E5F6A7-B8C9-4D0E-AF1B-2C3D4E5F6A7B}"
EndProject
Project("{FAE04EC0-301F-11D3-BF4B-00C04F79EFBC}") = "FlowForge.Security.Tests", "tests\FlowForge.Security.Tests\FlowForge.Security.Tests.csproj", "{E5F6A7B8-C9D0-4E1F-B2C3-D4E5F6A7B8C9}"
EndProject
Project("{2150E333-8FDC-42A3-9474-1A3956D46DE8}") = "services", "services", "{C2A6298F-BF89-4A12-A24D-A8DA9417F29F}"
EndProject
Project("{2150E333-8FDC-42A3-9474-1A3956D46DE8}") = "shared", "shared", "{72F29669-6691-451E-BD4F-B40A7E1650D9}"
EndProject
Project("{FAE04EC0-301F-11D3-BF4B-00C04F79EFBC}") = "FlowForge.JobAutomator", "src\services\FlowForge.JobAutomator\FlowForge.JobAutomator.csproj", "{FCC6CE76-65D0-419B-80B5-42BF495270F5}"
EndProject
Project("{FAE04EC0-301F-11D3-BF4B-00C04F79EFBC}") = "FlowForge.JobOrchestrator", "src\services\FlowForge.JobOrchestrator\FlowForge.JobOrchestrator.csproj", "{C4E9F6BA-F88F-4FE3-ABBA-F69E5716B34D}"
EndProject
Project("{FAE04EC0-301F-11D3-BF4B-00C04F79EFBC}") = "FlowForge.WebApi", "src\services\FlowForge.WebApi\FlowForge.WebApi.csproj", "{4C7BF217-D4A1-47B9-BC90-F4CE3FE3FAB9}"
EndProject
Project("{FAE04EC0-301F-11D3-BF4B-00C04F79EFBC}") = "FlowForge.WorkflowEngine", "src\services\FlowForge.WorkflowEngine\FlowForge.WorkflowEngine.csproj", "{D9ED7D9D-BCA2-491F-AF5D-1ED16FC2F758}"
EndProject
Project("{FAE04EC0-301F-11D3-BF4B-00C04F79EFBC}") = "FlowForge.WorkflowHost", "src\services\FlowForge.WorkflowHost\FlowForge.WorkflowHost.csproj", "{AE8ED53C-DCA9-4C36-8146-CDCA39A33B1C}"
EndProject
Project("{FAE04EC0-301F-11D3-BF4B-00C04F79EFBC}") = "FlowForge.Contracts", "src\shared\FlowForge.Contracts\FlowForge.Contracts.csproj", "{81959D4B-CACD-4EDA-8F79-51A2DD155D13}"
EndProject
Project("{FAE04EC0-301F-11D3-BF4B-00C04F79EFBC}") = "FlowForge.Domain", "src\shared\FlowForge.Domain\FlowForge.Domain.csproj", "{4CD11E40-86ED-4C2A-A49A-CF6EA28A372A}"
EndProject
Project("{FAE04EC0-301F-11D3-BF4B-00C04F79EFBC}") = "FlowForge.Infrastructure", "src\shared\FlowForge.Infrastructure\FlowForge.Infrastructure.csproj", "{C0FD2B8B-D112-4FD5-A232-C3F302714CC3}"
EndProject
Global
	GlobalSection(SolutionConfigurationPlatforms) = preSolution
		Debug|Any CPU = Debug|Any CPU
		Release|Any CPU = Release|Any CPU
	EndGlobalSection
	GlobalSection(ProjectConfigurationPlatforms) = postSolution
		{FCC6CE76-65D0-419B-80B5-42BF495270F5}.Debug|Any CPU.ActiveCfg = Debug|Any CPU
		{FCC6CE76-65D0-419B-80B5-42BF495270F5}.Debug|Any CPU.Build.0 = Debug|Any CPU
		{FCC6CE76-65D0-419B-80B5-42BF495270F5}.Release|Any CPU.ActiveCfg = Release|Any CPU
		{FCC6CE76-65D0-419B-80B5-42BF495270F5}.Release|Any CPU.Build.0 = Release|Any CPU
		{C4E9F6BA-F88F-4FE3-ABBA-F69E5716B34D}.Debug|Any CPU.ActiveCfg = Debug|Any CPU
		{C4E9F6BA-F88F-4FE3-ABBA-F69E5716B34D}.Debug|Any CPU.Build.0 = Debug|Any CPU
		{C4E9F6BA-F88F-4FE3-ABBA-F69E5716B34D}.Release|Any CPU.ActiveCfg = Release|Any CPU
		{C4E9F6BA-F88F-4FE3-ABBA-F69E5716B34D}.Release|Any CPU.Build.0 = Release|Any CPU
		{4C7BF217-D4A1-47B9-BC90-F4CE3FE3FAB9}.Debug|Any CPU.ActiveCfg = Debug|Any CPU
		{4C7BF217-D4A1-47B9-BC90-F4CE3FE3FAB9}.Debug|Any CPU.Build.0 = Debug|Any CPU
		{4C7BF217-D4A1-47B9-BC90-F4CE3FE3FAB9}.Release|Any CPU.ActiveCfg = Release|Any CPU
		{4C7BF217-D4A1-47B9-BC90-F4CE3FE3FAB9}.Release|Any CPU.Build.0 = Release|Any CPU
		{D9ED7D9D-BCA2-491F-AF5D-1ED16FC2F758}.Debug|Any CPU.ActiveCfg = Debug|Any CPU
		{D9ED7D9D-BCA2-491F-AF5D-1ED16FC2F758}.Debug|Any CPU.Build.0 = Debug|Any CPU
		{D9ED7D9D-BCA2-491F-AF5D-1ED16FC2F758}.Release|Any CPU.ActiveCfg = Release|Any CPU
		{D9ED7D9D-BCA2-491F-AF5D-1ED16FC2F758}.Release|Any CPU.Build.0 = Release|Any CPU
		{AE8ED53C-DCA9-4C36-8146-CDCA39A33B1C}.Debug|Any CPU.ActiveCfg = Debug|Any CPU
		{AE8ED53C-DCA9-4C36-8146-CDCA39A33B1C}.Debug|Any CPU.Build.0 = Debug|Any CPU
		{AE8ED53C-DCA9-4C36-8146-CDCA39A33B1C}.Release|Any CPU.ActiveCfg = Release|Any CPU
		{AE8ED53C-DCA9-4C36-8146-CDCA39A33B1C}.Release|Any CPU.Build.0 = Release|Any CPU
		{81959D4B-CACD-4EDA-8F79-51A2DD155D13}.Debug|Any CPU.ActiveCfg = Debug|Any CPU
		{81959D4B-CACD-4EDA-8F79-51A2DD155D13}.Debug|Any CPU.Build.0 = Debug|Any CPU
		{81959D4B-CACD-4EDA-8F79-51A2DD155D13}.Release|Any CPU.ActiveCfg = Release|Any CPU
		{81959D4B-CACD-4EDA-8F79-51A2DD155D13}.Release|Any CPU.Build.0 = Release|Any CPU
		{4CD11E40-86ED-4C2A-A49A-CF6EA28A372A}.Debug|Any CPU.ActiveCfg = Debug|Any CPU
		{4CD11E40-86ED-4C2A-A49A-CF6EA28A372A}.Debug|Any CPU.Build.0 = Debug|Any CPU
		{4CD11E40-86ED-4C2A-A49A-CF6EA28A372A}.Release|Any CPU.ActiveCfg = Release|Any CPU
		{4CD11E40-86ED-4C2A-A49A-CF6EA28A372A}.Release|Any CPU.Build.0 = Release|Any CPU
		{C0FD2B8B-D112-4FD5-A232-C3F302714CC3}.Debug|Any CPU.ActiveCfg = Debug|Any CPU
		{C0FD2B8B-D112-4FD5-A232-C3F302714CC3}.Debug|Any CPU.Build.0 = Debug|Any CPU
		{C0FD2B8B-D112-4FD5-A232-C3F302714CC3}.Release|Any CPU.ActiveCfg = Release|Any CPU
		{C0FD2B8B-D112-4FD5-A232-C3F302714CC3}.Release|Any CPU.Build.0 = Release|Any CPU
		{A1B2C3D4-E5F6-4A5B-8C9D-0E1F2A3B4C5D}.Debug|Any CPU.ActiveCfg = Debug|Any CPU
		{A1B2C3D4-E5F6-4A5B-8C9D-0E1F2A3B4C5D}.Debug|Any CPU.Build.0 = Debug|Any CPU
		{A1B2C3D4-E5F6-4A5B-8C9D-0E1F2A3B4C5D}.Release|Any CPU.ActiveCfg = Release|Any CPU
		{A1B2C3D4-E5F6-4A5B-8C9D-0E1F2A3B4C5D}.Release|Any CPU.Build.0 = Release|Any CPU
		{D4E5F6A7-B8C9-4D0E-AF1B-2C3D4E5F6A7B}.Debug|Any CPU.ActiveCfg = Debug|Any CPU
		{D4E5F6A7-B8C9-4D0E-AF1B-2C3D4E5F6A7B}.Debug|Any CPU.Build.0 = Debug|Any CPU
		{D4E5F6A7-B8C9-4D0E-AF1B-2C3D4E5F6A7B}.Release|Any CPU.ActiveCfg = Release|Any CPU
		{D4E5F6A7-B8C9-4D0E-AF1B-2C3D4E5F6A7B}.Release|Any CPU.Build.0 = Release|Any CPU
		{E5F6A7B8-C9D0-4E1F-B2C3-D4E5F6A7B8C9}.Debug|Any CPU.ActiveCfg = Debug|Any CPU
		{E5F6A7B8-C9D0-4E1F-B2C3-D4E5F6A7B8C9}.Debug|Any CPU.Build.0 = Debug|Any CPU
		{E5F6A7B8-C9D0-4E1F-B2C3-D4E5F6A7B8C9}.Release|Any CPU.ActiveCfg = Release|Any CPU
		{E5F6A7B8-C9D0-4E1F-B2C3-D4E5F6A7B8C9}.Release|Any CPU.Build.0 = Release|Any CPU
	EndGlobalSection
	GlobalSection(SolutionProperties) = preSolution
		HideSolutionNode = FALSE
	EndGlobalSection
	GlobalSection(NestedProjects) = preSolution
		{C2A6298F-BF89-4A12-A24D-A8DA9417F29F} = {A624B0B4-C0A4-48F4-A32C-D4924AE4187D}
		{72F29669-6691-451E-BD4F-B40A7E1650D9} = {A624B0B4-C0A4-48F4-A32C-D4924AE4187D}
		{FCC6CE76-65D0-419B-80B5-42BF495270F5} = {C2A6298F-BF89-4A12-A24D-A8DA9417F29F}
		{C4E9F6BA-F88F-4FE3-ABBA-F69E5716B34D} = {C2A6298F-BF89-4A12-A24D-A8DA9417F29F}
		{4C7BF217-D4A1-47B9-BC90-F4CE3FE3FAB9} = {C2A6298F-BF89-4A12-A24D-A8DA9417F29F}
		{D9ED7D9D-BCA2-491F-AF5D-1ED16FC2F758} = {C2A6298F-BF89-4A12-A24D-A8DA9417F29F}
		{AE8ED53C-DCA9-4C36-8146-CDCA39A33B1C} = {C2A6298F-BF89-4A12-A24D-A8DA9417F29F}
		{81959D4B-CACD-4EDA-8F79-51A2DD155D13} = {72F29669-6691-451E-BD4F-B40A7E1650D9}
		{4CD11E40-86ED-4C2A-A49A-CF6EA28A372A} = {72F29669-6691-451E-BD4F-B40A7E1650D9}
		{C0FD2B8B-D112-4FD5-A232-C3F302714CC3} = {72F29669-6691-451E-BD4F-B40A7E1650D9}
		{A1B2C3D4-E5F6-4A5B-8C9D-0E1F2A3B4C5D} = {B1F3A2C4-D5E6-4F78-9A0B-1C2D3E4F5A6B}
		{D4E5F6A7-B8C9-4D0E-AF1B-2C3D4E5F6A7B} = {B1F3A2C4-D5E6-4F78-9A0B-1C2D3E4F5A6B}
		{E5F6A7B8-C9D0-4E1F-B2C3-D4E5F6A7B8C9} = {B1F3A2C4-D5E6-4F78-9A0B-1C2D3E4F5A6B}
	EndGlobalSection
EndGlobal
